
Microsoft Visual Studio Solution File, Format Version 12.00
# Visual Studio Version 17
VisualStudioVersion = 17.12.35527.113 d17.12
MinimumVisualStudioVersion = 10.0.40219.1
Project("{FAE04EC0-301F-11D3-BF4B-00C04F79EFBC}") = "CMS.Data", "CMS.Data\CMS.Data.csproj", "{A619D9AB-A331-4D7D-8BA9-B78701F0575E}"
EndProject
Project("{FAE04EC0-301F-11D3-BF4B-00C04F79EFBC}") = "CMS.Backend", "CMS.Backend\CMS.Backend.csproj", "{F009A73C-A146-4F3D-A6B8-249B83540C65}"
EndProject
Global
	GlobalSection(SolutionConfigurationPlatforms) = preSolution
		Debug|Any CPU = Debug|Any CPU
		Release|Any CPU = Release|Any CPU
	EndGlobalSection
	GlobalSection(ProjectConfigurationPlatforms) = postSolution
		{A619D9AB-A331-4D7D-8BA9-B78701F0575E}.Debug|Any CPU.ActiveCfg = Debug|Any CPU
		{A619D9AB-A331-4D7D-8BA9-B78701F0575E}.Debug|Any CPU.Build.0 = Debug|Any CPU
		{A619D9AB-A331-4D7D-8BA9-B78701F0575E}.Release|Any CPU.ActiveCfg = Release|Any CPU
		{A619D9AB-A331-4D7D-8BA9-B78701F0575E}.Release|Any CPU.Build.0 = Release|Any CPU
		{F009A73C-A146-4F3D-A6B8-249B83540C65}.Debug|Any CPU.ActiveCfg = Debug|Any CPU
		{F009A73C-A146-4F3D-A6B8-249B83540C65}.Debug|Any CPU.Build.0 = Debug|Any CPU
		{F009A73C-A146-4F3D-A6B8-249B83540C65}.Release|Any CPU.ActiveCfg = Release|Any CPU
		{F009A73C-A146-4F3D-A6B8-249B83540C65}.Release|Any CPU.Build.0 = Release|Any CPU
	EndGlobalSection
	GlobalSection(SolutionProperties) = preSolution
		HideSolutionNode = FALSE
	EndGlobalSection
EndGlobal
